
Microsoft Visual Studio Solution File, Format Version 12.00
# Visual Studio Version 17
VisualStudioVersion = 17.0.31919.166
MinimumVisualStudioVersion = 10.0.40219.1
Project("{FAE04EC0-301F-11D3-BF4B-00C04F79EFBC}") = "AtivEscola", "AtivEscola.csproj", "{800F1307-16FD-4DA3-BEF3-39505BC0A76E}"
EndProject
Global
	GlobalSection(SolutionConfigurationPlatforms) = preSolution
		Debug|Any CPU = Debug|Any CPU
		Release|Any CPU = Release|Any CPU
	EndGlobalSection
	GlobalSection(ProjectConfigurationPlatforms) = postSolution
		{800F1307-16FD-4DA3-BEF3-39505BC0A76E}.Debug|Any CPU.ActiveCfg = Debug|Any CPU
		{800F1307-16FD-4DA3-BEF3-39505BC0A76E}.Debug|Any CPU.Build.0 = Debug|Any CPU
		{800F1307-16FD-4DA3-BEF3-39505BC0A76E}.Release|Any CPU.ActiveCfg = Release|Any CPU
		{800F1307-16FD-4DA3-BEF3-39505BC0A76E}.Release|Any CPU.Build.0 = Release|Any CPU
	EndGlobalSection
	GlobalSection(SolutionProperties) = preSolution
		HideSolutionNode = FALSE
	EndGlobalSection
	GlobalSection(ExtensibilityGlobals) = postSolution
		SolutionGuid = {EA506072-C547-4F88-9AC4-E5D35E8E5FD5}
	EndGlobalSection
EndGlobal
